Microsoft Visual Studio Solution File, Format Version 11.00
# Visual Studio 2010
Project("{FAE04EC0-301F-11D3-BF4B-00C04F79EFBC}") = "MoreInOne", "Assembly-CSharp.csproj", "{7397159B-84EE-69D9-FA91-7637997FA22F}"
EndProject
Project("{FAE04EC0-301F-11D3-BF4B-00C04F79EFBC}") = "MoreInOne", "Assembly-CSharp-Editor.csproj", "{9FE4648B-1804-9174-1CA8-677A4492B41D}"
EndProject
Global
	GlobalSection(SolutionConfigurationPlatforms) = preSolution
		Debug|Any CPU = Debug|Any CPU
		Release|Any CPU = Release|Any CPU
	EndGlobalSection
	GlobalSection(ProjectConfigurationPlatforms) = postSolution
		{7397159B-84EE-69D9-FA91-7637997FA22F}.Debug|Any CPU.ActiveCfg = Debug|Any CPU
		{7397159B-84EE-69D9-FA91-7637997FA22F}.Debug|Any CPU.Build.0 = Debug|Any CPU
		{7397159B-84EE-69D9-FA91-7637997FA22F}.Release|Any CPU.ActiveCfg = Release|Any CPU
		{7397159B-84EE-69D9-FA91-7637997FA22F}.Release|Any CPU.Build.0 = Release|Any CPU
		{9FE4648B-1804-9174-1CA8-677A4492B41D}.Debug|Any CPU.ActiveCfg = Debug|Any CPU
		{9FE4648B-1804-9174-1CA8-677A4492B41D}.Debug|Any CPU.Build.0 = Debug|Any CPU
		{9FE4648B-1804-9174-1CA8-677A4492B41D}.Release|Any CPU.ActiveCfg = Release|Any CPU
		{9FE4648B-1804-9174-1CA8-677A4492B41D}.Release|Any CPU.Build.0 = Release|Any CPU
	EndGlobalSection
	GlobalSection(MonoDevelopProperties) = preSolution
		StartupItem = Assembly-CSharp.csproj
	EndGlobalSection
EndGlobal
